
Microsoft Visual Studio Solution File, Format Version 12.00
# Visual Studio Version 16
VisualStudioVersion = 16.0.808.4
MinimumVisualStudioVersion = 10.0.40219.1
Project("{FAE04EC0-301F-11D3-BF4B-00C04F79EFBC}") = "DeudorApp.Android", "DeudorApp.Android\DeudorApp.Android.csproj", "{EBDAEEB6-EDF7-4388-B7C8-388D8B4D978A}"
EndProject
Project("{FAE04EC0-301F-11D3-BF4B-00C04F79EFBC}") = "DeudorApp", "DeudorApp\DeudorApp.csproj", "{1AC9BC21-8C1D-4669-9409-629C0539ECA8}"
EndProject
Project("{9344BDBB-3E7F-41FC-A0DD-8665D75EE146}") = "DeudorApp.iOS", "DeudorApp.iOS\DeudorApp.iOS.csproj", "{E535A865-9DE7-4527-8A8E-F1D0BF40A563}"
EndProject
Global
	GlobalSection(SolutionConfigurationPlatforms) = preSolution
		Debug|Any CPU = Debug|Any CPU
		Debug|iPhone = Debug|iPhone
		Debug|iPhoneSimulator = Debug|iPhoneSimulator
		Release|Any CPU = Release|Any CPU
		Release|iPhone = Release|iPhone
		Release|iPhoneSimulator = Release|iPhoneSimulator
	EndGlobalSection
	GlobalSection(ProjectConfigurationPlatforms) = postSolution
		{EBDAEEB6-EDF7-4388-B7C8-388D8B4D978A}.Debug|Any CPU.ActiveCfg = Debug|Any CPU
		{EBDAEEB6-EDF7-4388-B7C8-388D8B4D978A}.Debug|Any CPU.Build.0 = Debug|Any CPU
		{EBDAEEB6-EDF7-4388-B7C8-388D8B4D978A}.Debug|Any CPU.Deploy.0 = Debug|Any CPU
		{EBDAEEB6-EDF7-4388-B7C8-388D8B4D978A}.Debug|iPhone.ActiveCfg = Debug|Any CPU
		{EBDAEEB6-EDF7-4388-B7C8-388D8B4D978A}.Debug|iPhone.Build.0 = Debug|Any CPU
		{EBDAEEB6-EDF7-4388-B7C8-388D8B4D978A}.Debug|iPhoneSimulator.ActiveCfg = Debug|Any CPU
		{EBDAEEB6-EDF7-4388-B7C8-388D8B4D978A}.Debug|iPhoneSimulator.Build.0 = Debug|Any CPU
		{EBDAEEB6-EDF7-4388-B7C8-388D8B4D978A}.Release|Any CPU.ActiveCfg = Release|Any CPU
		{EBDAEEB6-EDF7-4388-B7C8-388D8B4D978A}.Release|Any CPU.Build.0 = Release|Any CPU
		{EBDAEEB6-EDF7-4388-B7C8-388D8B4D978A}.Release|iPhone.ActiveCfg = Release|Any CPU
		{EBDAEEB6-EDF7-4388-B7C8-388D8B4D978A}.Release|iPhone.Build.0 = Release|Any CPU
		{EBDAEEB6-EDF7-4388-B7C8-388D8B4D978A}.Release|iPhoneSimulator.ActiveCfg = Release|Any CPU
		{EBDAEEB6-EDF7-4388-B7C8-388D8B4D978A}.Release|iPhoneSimulator.Build.0 = Release|Any CPU
		{1AC9BC21-8C1D-4669-9409-629C0539ECA8}.Debug|Any CPU.ActiveCfg = Debug|Any CPU
		{1AC9BC21-8C1D-4669-9409-629C0539ECA8}.Debug|Any CPU.Build.0 = Debug|Any CPU
		{1AC9BC21-8C1D-4669-9409-629C0539ECA8}.Debug|iPhone.ActiveCfg = Debug|Any CPU
		{1AC9BC21-8C1D-4669-9409-629C0539ECA8}.Debug|iPhone.Build.0 = Debug|Any CPU
		{1AC9BC21-8C1D-4669-9409-629C0539ECA8}.Debug|iPhoneSimulator.ActiveCfg = Debug|Any CPU
		{1AC9BC21-8C1D-4669-9409-629C0539ECA8}.Debug|iPhoneSimulator.Build.0 = Debug|Any CPU
		{1AC9BC21-8C1D-4669-9409-629C0539ECA8}.Release|Any CPU.ActiveCfg = Release|Any CPU
		{1AC9BC21-8C1D-4669-9409-629C0539ECA8}.Release|Any CPU.Build.0 = Release|Any CPU
		{1AC9BC21-8C1D-4669-9409-629C0539ECA8}.Release|iPhone.ActiveCfg = Release|Any CPU
		{1AC9BC21-8C1D-4669-9409-629C0539ECA8}.Release|iPhone.Build.0 = Release|Any CPU
		{1AC9BC21-8C1D-4669-9409-629C0539ECA8}.Release|iPhoneSimulator.ActiveCfg = Release|Any CPU
		{1AC9BC21-8C1D-4669-9409-629C0539ECA8}.Release|iPhoneSimulator.Build.0 = Release|Any CPU
		{E535A865-9DE7-4527-8A8E-F1D0BF40A563}.Debug|Any CPU.ActiveCfg = Debug|iPhoneSimulator
		{E535A865-9DE7-4527-8A8E-F1D0BF40A563}.Debug|Any CPU.Build.0 = Debug|iPhoneSimulator
		{E535A865-9DE7-4527-8A8E-F1D0BF40A563}.Debug|iPhone.ActiveCfg = Debug|iPhone
		{E535A865-9DE7-4527-8A8E-F1D0BF40A563}.Debug|iPhone.Build.0 = Debug|iPhone
		{E535A865-9DE7-4527-8A8E-F1D0BF40A563}.Debug|iPhoneSimulator.ActiveCfg = Debug|iPhoneSimulator
		{E535A865-9DE7-4527-8A8E-F1D0BF40A563}.Debug|iPhoneSimulator.Build.0 = Debug|iPhoneSimulator
		{E535A865-9DE7-4527-8A8E-F1D0BF40A563}.Release|Any CPU.ActiveCfg = Release|iPhoneSimulator
		{E535A865-9DE7-4527-8A8E-F1D0BF40A563}.Release|Any CPU.Build.0 = Release|iPhoneSimulator
		{E535A865-9DE7-4527-8A8E-F1D0BF40A563}.Release|iPhone.ActiveCfg = Release|iPhone
		{E535A865-9DE7-4527-8A8E-F1D0BF40A563}.Release|iPhone.Build.0 = Release|iPhone
		{E535A865-9DE7-4527-8A8E-F1D0BF40A563}.Release|iPhoneSimulator.ActiveCfg = Release|iPhoneSimulator
		{E535A865-9DE7-4527-8A8E-F1D0BF40A563}.Release|iPhoneSimulator.Build.0 = Release|iPhoneSimulator
	EndGlobalSection
	GlobalSection(SolutionProperties) = preSolution
		HideSolutionNode = FALSE
	EndGlobalSection
	GlobalSection(ExtensibilityGlobals) = postSolution
		SolutionGuid = {E0B4FBD9-3312-4319-A765-CEF513324FF5}
	EndGlobalSection
EndGlobal
